// !$*UTF8*$!
{
	archiveVersion = 1;
	classes = {
	};
	objectVersion = 50;
	objects = {

/* Begin PBXBuildFile section */
		57652110279D2F860043C169 /* AppDelegate.swift in Sources */ = {isa = PBXBuildFile; fileRef = 5765210F279D2F860043C169 /* AppDelegate.swift */; };
		57652112279D2F860043C169 /* SceneDelegate.swift in Sources */ = {isa = PBXBuildFile; fileRef = 57652111279D2F860043C169 /* SceneDelegate.swift */; };
		57652114279D2F860043C169 /* ViewController.swift in Sources */ = {isa = PBXBuildFile; fileRef = 57652113279D2F860043C169 /* ViewController.swift */; };
		57652117279D2F860043C169 /* Main.storyboard in Resources */ = {isa = PBXBuildFile; fileRef = 57652115279D2F860043C169 /* Main.storyboard */; };
		5765211A279D2F860043C169 /* TableViewHeaderFooterWithProperty.xcdatamodeld in Sources */ = {isa = PBXBuildFile; fileRef = 57652118279D2F860043C169 /* TableViewHeaderFooterWithProperty.xcdatamodeld */; };
		5765211C279D2F870043C169 /* Assets.xcassets in Resources */ = {isa = PBXBuildFile; fileRef = 5765211B279D2F870043C169 /* Assets.xcassets */; };
		5765211F279D2F870043C169 /* LaunchScreen.storyboard in Resources */ = {isa = PBXBuildFile; fileRef = 5765211D279D2F870043C169 /* LaunchScreen.storyboard */; };
		5765212A279D2F870043C169 /* TableViewHeaderFooterWithPropertyTests.swift in Sources */ = {isa = PBXBuildFile; fileRef = 57652129279D2F870043C169 /* TableViewHeaderFooterWithPropertyTests.swift */; };
		57652135279D2F870043C169 /* TableViewHeaderFooterWithPropertyUITests.swift in Sources */ = {isa = PBXBuildFile; fileRef = 57652134279D2F870043C169 /* TableViewHeaderFooterWithPropertyUITests.swift */; };
/* End PBXBuildFile section */

/* Begin PBXContainerItemProxy section */
		57652126279D2F870043C169 /* PBXContainerItemProxy */ = {
			isa = PBXContainerItemProxy;
			containerPortal = 57652104279D2F860043C169 /* Project object */;
			proxyType = 1;
			remoteGlobalIDString = 5765210B279D2F860043C169;
			remoteInfo = TableViewHeaderFooterWithProperty;
		};
		57652131279D2F870043C169 /* PBXContainerItemProxy */ = {
			isa = PBXContainerItemProxy;
			containerPortal = 57652104279D2F860043C169 /* Project object */;
			proxyType = 1;
			remoteGlobalIDString = 5765210B279D2F860043C169;
			remoteInfo = TableViewHeaderFooterWithProperty;
		};
/* End PBXContainerItemProxy section */

/* Begin PBXFileReference section */
		5765210C279D2F860043C169 /* TableViewHeaderFooterWithProperty.app */ = {isa = PBXFileReference; explicitFileType = wrapper.application; includeInIndex = 0; path = TableViewHeaderFooterWithProperty.app; sourceTree = BUILT_PRODUCTS_DIR; };
		5765210F279D2F860043C169 /* AppDelegate.swift */ = {isa = PBXFileReference; lastKnownFileType = sourcecode.swift; path = AppDelegate.swift; sourceTree = "<group>"; };
		57652111279D2F860043C169 /* SceneDelegate.swift */ = {isa = PBXFileReference; lastKnownFileType = sourcecode.swift; path = SceneDelegate.swift; sourceTree = "<group>"; };
		57652113279D2F860043C169 /* ViewController.swift */ = {isa = PBXFileReference; lastKnownFileType = sourcecode.swift; path = ViewController.swift; sourceTree = "<group>"; };
		57652116279D2F860043C169 /* Base */ = {isa = PBXFileReference; lastKnownFileType = file.storyboard; name = Base; path = Base.lproj/Main.storyboard; sourceTree = "<group>"; };
		57652119279D2F860043C169 /* TableViewHeaderFooterWithProperty.xcdatamodel */ = {isa = PBXFileReference; lastKnownFileType = wrapper.xcdatamodel; path = TableViewHeaderFooterWithProperty.xcdatamodel; sourceTree = "<group>"; };
		5765211B279D2F870043C169 /* Assets.xcassets */ = {isa = PBXFileReference; lastKnownFileType = folder.assetcatalog; path = Assets.xcassets; sourceTree = "<group>"; };
		5765211E279D2F870043C169 /* Base */ = {isa = PBXFileReference; lastKnownFileType = file.storyboard; name = Base; path = Base.lproj/LaunchScreen.storyboard; sourceTree = "<group>"; };
		57652120279D2F870043C169 /* Info.plist */ = {isa = PBXFileReference; lastKnownFileType = text.plist.xml; path = Info.plist; sourceTree = "<group>"; };
		57652125279D2F870043C169 /* TableViewHeaderFooterWithPropertyTests.xctest */ = {isa = PBXFileReference; explicitFileType = wrapper.cfbundle; includeInIndex = 0; path = TableViewHeaderFooterWithPropertyTests.xctest; sourceTree = BUILT_PRODUCTS_DIR; };
		57652129279D2F870043C169 /* TableViewHeaderFooterWithPropertyTests.swift */ = {isa = PBXFileReference; lastKnownFileType = sourcecode.swift; path = TableViewHeaderFooterWithPropertyTests.swift; sourceTree = "<group>"; };
		5765212B279D2F870043C169 /* Info.plist */ = {isa = PBXFileReference; lastKnownFileType = text.plist.xml; path = Info.plist; sourceTree = "<group>"; };
		57652130279D2F870043C169 /* TableViewHeaderFooterWithPropertyUITests.xctest */ = {isa = PBXFileReference; explicitFileType = wrapper.cfbundle; includeInIndex = 0; path = TableViewHeaderFooterWithPropertyUITests.xctest; sourceTree = BUILT_PRODUCTS_DIR; };
		57652134279D2F870043C169 /* TableViewHeaderFooterWithPropertyUITests.swift */ = {isa = PBXFileReference; lastKnownFileType = sourcecode.swift; path = TableViewHeaderFooterWithPropertyUITests.swift; sourceTree = "<group>"; };
		57652136279D2F870043C169 /* Info.plist */ = {isa = PBXFileReference; lastKnownFileType = text.plist.xml; path = Info.plist; sourceTree = "<group>"; };
/* End PBXFileReference section */

/* Begin PBXFrameworksBuildPhase section */
		57652109279D2F860043C169 /* Frameworks */ = {
			isa = PBXFrameworksBuildPhase;
			buildActionMask = 2147483647;
			files = (
			);
			runOnlyForDeploymentPostprocessing = 0;
		};
		57652122279D2F870043C169 /* Frameworks */ = {
			isa = PBXFrameworksBuildPhase;
			buildActionMask = 2147483647;
			files = (
			);
			runOnlyForDeploymentPostprocessing = 0;
		};
		5765212D279D2F870043C169 /* Frameworks */ = {
			isa = PBXFrameworksBuildPhase;
			buildActionMask = 2147483647;
			files = (
			);
			runOnlyForDeploymentPostprocessing = 0;
		};
/* End PBXFrameworksBuildPhase section */

/* Begin PBXGroup section */
		57652103279D2F860043C169 = {
			isa = PBXGroup;
			children = (
				5765210E279D2F860043C169 /* TableViewHeaderFooterWithProperty */,
				57652128279D2F870043C169 /* TableViewHeaderFooterWithPropertyTests */,
				57652133279D2F870043C169 /* TableViewHeaderFooterWithPropertyUITests */,
				5765210D279D2F860043C169 /* Products */,
			);
			sourceTree = "<group>";
		};
		5765210D279D2F860043C169 /* Products */ = {
			isa = PBXGroup;
			children = (
				5765210C279D2F860043C169 /* TableViewHeaderFooterWithProperty.app */,
				57652125279D2F870043C169 /* TableViewHeaderFooterWithPropertyTests.xctest */,
				57652130279D2F870043C169 /* TableViewHeaderFooterWithPropertyUITests.xctest */,
			);
			name = Products;
			sourceTree = "<group>";
		};
		5765210E279D2F860043C169 /* TableViewHeaderFooterWithProperty */ = {
			isa = PBXGroup;
			children = (
				5765210F279D2F860043C169 /* AppDelegate.swift */,
				57652111279D2F860043C169 /* SceneDelegate.swift */,
				57652113279D2F860043C169 /* ViewController.swift */,
				57652115279D2F860043C169 /* Main.storyboard */,
				5765211B279D2F870043C169 /* Assets.xcassets */,
				5765211D279D2F870043C169 /* LaunchScreen.storyboard */,
				57652120279D2F870043C169 /* Info.plist */,
				57652118279D2F860043C169 /* TableViewHeaderFooterWithProperty.xcdatamodeld */,
			);
			path = TableViewHeaderFooterWithProperty;
			sourceTree = "<group>";
		};
		57652128279D2F870043C169 /* TableViewHeaderFooterWithPropertyTests */ = {
			isa = PBXGroup;
			children = (
				57652129279D2F870043C169 /* TableViewHeaderFooterWithPropertyTests.swift */,
				5765212B279D2F870043C169 /* Info.plist */,
			);
			path = TableViewHeaderFooterWithPropertyTests;
			sourceTree = "<group>";
		};
		57652133279D2F870043C169 /* TableViewHeaderFooterWithPropertyUITests */ = {
			isa = PBXGroup;
			children = (
				57652134279D2F870043C169 /* TableViewHeaderFooterWithPropertyUITests.swift */,
				57652136279D2F870043C169 /* Info.plist */,
			);
			path = TableViewHeaderFooterWithPropertyUITests;
			sourceTree = "<group>";
		};
/* End PBXGroup section */

/* Begin PBXNativeTarget section */
		5765210B279D2F860043C169 /* TableViewHeaderFooterWithProperty */ = {
			isa = PBXNativeTarget;
			buildConfigurationList = 57652139279D2F870043C169 /* Build configuration list for PBXNativeTarget "TableViewHeaderFooterWithProperty" */;
			buildPhases = (
				57652108279D2F860043C169 /* Sources */,
				57652109279D2F860043C169 /* Frameworks */,
				5765210A279D2F860043C169 /* Resources */,
			);
			buildRules = (
			);
			dependencies = (
			);
			name = TableViewHeaderFooterWithProperty;
			productName = TableViewHeaderFooterWithProperty;
			productReference = 5765210C279D2F860043C169 /* TableViewHeaderFooterWithProperty.app */;
			productType = "com.apple.product-type.application";
		};
		57652124279D2F870043C169 /* TableViewHeaderFooterWithPropertyTests */ = {
			isa = PBXNativeTarget;
			buildConfigurationList = 5765213C279D2F870043C169 /* Build configuration list for PBXNativeTarget "TableViewHeaderFooterWithPropertyTests" */;
			buildPhases = (
				57652121279D2F870043C169 /* Sources */,
				57652122279D2F870043C169 /* Frameworks */,
				57652123279D2F870043C169 /* Resources */,
			);
			buildRules = (
			);
			dependencies = (
				57652127279D2F870043C169 /* PBXTargetDependency */,
			);
			name = TableViewHeaderFooterWithPropertyTests;
			productName = TableViewHeaderFooterWithPropertyTests;
			productReference = 57652125279D2F870043C169 /* TableViewHeaderFooterWithPropertyTests.xctest */;
			productType = "com.apple.product-type.bundle.unit-test";
		};
		5765212F279D2F870043C169 /* TableViewHeaderFooterWithPropertyUITests */ = {
			isa = PBXNativeTarget;
			buildConfigurationList = 5765213F279D2F870043C169 /* Build configuration list for PBXNativeTarget "TableViewHeaderFooterWithPropertyUITests" */;
			buildPhases = (
				5765212C279D2F870043C169 /* Sources */,
				5765212D279D2F870043C169 /* Frameworks */,
				5765212E279D2F870043C169 /* Resources */,
			);
			buildRules = (
			);
			dependencies = (
				57652132279D2F870043C169 /* PBXTargetDependency */,
			);
			name = TableViewHeaderFooterWithPropertyUITests;
			productName = TableViewHeaderFooterWithPropertyUITests;
			productReference = 57652130279D2F870043C169 /* TableViewHeaderFooterWithPropertyUITests.xctest */;
			productType = "com.apple.product-type.bundle.ui-testing";
		};
/* End PBXNativeTarget section */

/* Begin PBXProject section */
		57652104279D2F860043C169 /* Project object */ = {
			isa = PBXProject;
			attributes = {
				LastSwiftUpdateCheck = 1240;
				LastUpgradeCheck = 1240;
				TargetAttributes = {
					5765210B279D2F860043C169 = {
						CreatedOnToolsVersion = 12.4;
					};
					57652124279D2F870043C169 = {
						CreatedOnToolsVersion = 12.4;
						TestTargetID = 5765210B279D2F860043C169;
					};
					5765212F279D2F870043C169 = {
						CreatedOnToolsVersion = 12.4;
						TestTargetID = 5765210B279D2F860043C169;
					};
				};
			};
			buildConfigurationList = 57652107279D2F860043C169 /* Build configuration list for PBXProject "TableViewHeaderFooterWithProperty" */;
			compatibilityVersion = "Xcode 9.3";
			developmentRegion = en;
			hasScannedForEncodings = 0;
			knownRegions = (
				en,
				Base,
			);
			mainGroup = 57652103279D2F860043C169;
			productRefGroup = 5765210D279D2F860043C169 /* Products */;
			projectDirPath = "";
			projectRoot = "";
			targets = (
				5765210B279D2F860043C169 /* TableViewHeaderFooterWithProperty */,
				57652124279D2F870043C169 /* TableViewHeaderFooterWithPropertyTests */,
				5765212F279D2F870043C169 /* TableViewHeaderFooterWithPropertyUITests */,
			);
		};
/* End PBXProject section */

/* Begin PBXResourcesBuildPhase section */
		5765210A279D2F860043C169 /* Resources */ = {
			isa = PBXResourcesBuildPhase;
			buildActionMask = 2147483647;
			files = (
				5765211F279D2F870043C169 /* LaunchScreen.storyboard in Resources */,
				5765211C279D2F870043C169 /* Assets.xcassets in Resources */,
				57652117279D2F860043C169 /* Main.storyboard in Resources */,
			);
			runOnlyForDeploymentPostprocessing = 0;
		};
		57652123279D2F870043C169 /* Resources */ = {
			isa = PBXResourcesBuildPhase;
			buildActionMask = 2147483647;
			files = (
			);
			runOnlyForDeploymentPostprocessing = 0;
		};
		5765212E279D2F870043C169 /* Resources */ = {
			isa = PBXResourcesBuildPhase;
			buildActionMask = 2147483647;
			files = (
			);
			runOnlyForDeploymentPostprocessing = 0;
		};
/* End PBXResourcesBuildPhase section */

/* Begin PBXSourcesBuildPhase section */
		57652108279D2F860043C169 /* Sources */ = {
			isa = PBXSourcesBuildPhase;
			buildActionMask = 2147483647;
			files = (
				57652114279D2F860043C169 /* ViewController.swift in Sources */,
				57652110279D2F860043C169 /* AppDelegate.swift in Sources */,
				5765211A279D2F860043C169 /* TableViewHeaderFooterWithProperty.xcdatamodeld in Sources */,
				57652112279D2F860043C169 /* SceneDelegate.swift in Sources */,
			);
			runOnlyForDeploymentPostprocessing = 0;
		};
		57652121279D2F870043C169 /* Sources */ = {
			isa = PBXSourcesBuildPhase;
			buildActionMask = 2147483647;
			files = (
				5765212A279D2F870043C169 /* TableViewHeaderFooterWithPropertyTests.swift in Sources */,
			);
			runOnlyForDeploymentPostprocessing = 0;
		};
		5765212C279D2F870043C169 /* Sources */ = {
			isa = PBXSourcesBuildPhase;
			buildActionMask = 2147483647;
			files = (
				57652135279D2F870043C169 /* TableViewHeaderFooterWithPropertyUITests.swift in Sources */,
			);
			runOnlyForDeploymentPostprocessing = 0;
		};
/* End PBXSourcesBuildPhase section */

/* Begin PBXTargetDependency section */
		57652127279D2F870043C169 /* PBXTargetDependency */ = {
			isa = PBXTargetDependency;
			target = 5765210B279D2F860043C169 /* TableViewHeaderFooterWithProperty */;
			targetProxy = 57652126279D2F870043C169 /* PBXContainerItemProxy */;
		};
		57652132279D2F870043C169 /* PBXTargetDependency */ = {
			isa = PBXTargetDependency;
			target = 5765210B279D2F860043C169 /* TableViewHeaderFooterWithProperty */;
			targetProxy = 57652131279D2F870043C169 /* PBXContainerItemProxy */;
		};
/* End PBXTargetDependency section */

/* Begin PBXVariantGroup section */
		57652115279D2F860043C169 /* Main.storyboard */ = {
			isa = PBXVariantGroup;
			children = (
				57652116279D2F860043C169 /* Base */,
			);
			name = Main.storyboard;
			sourceTree = "<group>";
		};
		5765211D279D2F870043C169 /* LaunchScreen.storyboard */ = {
			isa = PBXVariantGroup;
			children = (
				5765211E279D2F870043C169 /* Base */,
			);
			name = LaunchScreen.storyboard;
			sourceTree = "<group>";
		};
/* End PBXVariantGroup section */

/* Begin XCBuildConfiguration section */
		57652137279D2F870043C169 /* Debug */ = {
			isa = XCBuildConfiguration;
			buildSettings = {
				ALWAYS_SEARCH_USER_PATHS = NO;
				CLANG_ANALYZER_NONNULL = YES;
				CLANG_ANALYZER_NUMBER_OBJECT_CONVERSION = YES_AGGRESSIVE;
				CLANG_CXX_LANGUAGE_STANDARD = "gnu++14";
				CLANG_CXX_LIBRARY = "libc++";
				CLANG_ENABLE_MODULES = YES;
				CLANG_ENABLE_OBJC_ARC = YES;
				CLANG_ENABLE_OBJC_WEAK = YES;
				CLANG_WARN_BLOCK_CAPTURE_AUTORELEASING = YES;
				CLANG_WARN_BOOL_CONVERSION = YES;
				CLANG_WARN_COMMA = YES;
				CLANG_WARN_CONSTANT_CONVERSION = YES;
				CLANG_WARN_DEPRECATED_OBJC_IMPLEMENTATIONS = YES;
				CLANG_WARN_DIRECT_OBJC_ISA_USAGE = YES_ERROR;
				CLANG_WARN_DOCUMENTATION_COMMENTS = YES;
				CLANG_WARN_EMPTY_BODY = YES;
				CLANG_WARN_ENUM_CONVERSION = YES;
				CLANG_WARN_INFINITE_RECURSION = YES;
				CLANG_WARN_INT_CONVERSION = YES;
				CLANG_WARN_NON_LITERAL_NULL_CONVERSION = YES;
				CLANG_WARN_OBJC_IMPLICIT_RETAIN_SELF = YES;
				CLANG_WARN_OBJC_LITERAL_CONVERSION = YES;
				CLANG_WARN_OBJC_ROOT_CLASS = YES_ERROR;
				CLANG_WARN_QUOTED_INCLUDE_IN_FRAMEWORK_HEADER = YES;
				CLANG_WARN_RANGE_LOOP_ANALYSIS = YES;
				CLANG_WARN_STRICT_PROTOTYPES = YES;
				CLANG_WARN_SUSPICIOUS_MOVE = YES;
				CLANG_WARN_UNGUARDED_AVAILABILITY = YES_AGGRESSIVE;
				CLANG_WARN_UNREACHABLE_CODE = YES;
				CLANG_WARN__DUPLICATE_METHOD_MATCH = YES;
				COPY_PHASE_STRIP = NO;
				DEBUG_INFORMATION_FORMAT = dwarf;
				ENABLE_STRICT_OBJC_MSGSEND = YES;
				ENABLE_TESTABILITY = YES;
				GCC_C_LANGUAGE_STANDARD = gnu11;
				GCC_DYNAMIC_NO_PIC = NO;
				GCC_NO_COMMON_BLOCKS = YES;
				GCC_OPTIMIZATION_LEVEL = 0;
				GCC_PREPROCESSOR_DEFINITIONS = (
					"DEBUG=1",
					"$(inherited)",
				);
				GCC_WARN_64_TO_32_BIT_CONVERSION = YES;
				GCC_WARN_ABOUT_RETURN_TYPE = YES_ERROR;
				GCC_WARN_UNDECLARED_SELECTOR = YES;
				GCC_WARN_UNINITIALIZED_AUTOS = YES_AGGRESSIVE;
				GCC_WARN_UNUSED_FUNCTION = YES;
				GCC_WARN_UNUSED_VARIABLE = YES;
				IPHONEOS_DEPLOYMENT_TARGET = 14.4;
				MTL_ENABLE_DEBUG_INFO = INCLUDE_SOURCE;
				MTL_FAST_MATH = YES;
				ONLY_ACTIVE_ARCH = YES;
				SDKROOT = iphoneos;
				SWIFT_ACTIVE_COMPILATION_CONDITIONS = DEBUG;
				SWIFT_OPTIMIZATION_LEVEL = "-Onone";
			};
			name = Debug;
		};
		57652138279D2F870043C169 /* Release */ = {
			isa = XCBuildConfiguration;
			buildSettings = {
				ALWAYS_SEARCH_USER_PATHS = NO;
				CLANG_ANALYZER_NONNULL = YES;
				CLANG_ANALYZER_NUMBER_OBJECT_CONVERSION = YES_AGGRESSIVE;
				CLANG_CXX_LANGUAGE_STANDARD = "gnu++14";
				CLANG_CXX_LIBRARY = "libc++";
				CLANG_ENABLE_MODULES = YES;
				CLANG_ENABLE_OBJC_ARC = YES;
				CLANG_ENABLE_OBJC_WEAK = YES;
				CLANG_WARN_BLOCK_CAPTURE_AUTORELEASING = YES;
				CLANG_WARN_BOOL_CONVERSION = YES;
				CLANG_WARN_COMMA = YES;
				CLANG_WARN_CONSTANT_CONVERSION = YES;
				CLANG_WARN_DEPRECATED_OBJC_IMPLEMENTATIONS = YES;
				CLANG_WARN_DIRECT_OBJC_ISA_USAGE = YES_ERROR;
				CLANG_WARN_DOCUMENTATION_COMMENTS = YES;
				CLANG_WARN_EMPTY_BODY = YES;
				CLANG_WARN_ENUM_CONVERSION = YES;
				CLANG_WARN_INFINITE_RECURSION = YES;
				CLANG_WARN_INT_CONVERSION = YES;
				CLANG_WARN_NON_LITERAL_NULL_CONVERSION = YES;
				CLANG_WARN_OBJC_IMPLICIT_RETAIN_SELF = YES;
				CLANG_WARN_OBJC_LITERAL_CONVERSION = YES;
				CLANG_WARN_OBJC_ROOT_CLASS = YES_ERROR;
				CLANG_WARN_QUOTED_INCLUDE_IN_FRAMEWORK_HEADER = YES;
				CLANG_WARN_RANGE_LOOP_ANALYSIS = YES;
				CLANG_WARN_STRICT_PROTOTYPES = YES;
				CLANG_WARN_SUSPICIOUS_MOVE = YES;
				CLANG_WARN_UNGUARDED_AVAILABILITY = YES_AGGRESSIVE;
				CLANG_WARN_UNREACHABLE_CODE = YES;
				CLANG_WARN__DUPLICATE_METHOD_MATCH = YES;
				COPY_PHASE_STRIP = NO;
				DEBUG_INFORMATION_FORMAT = "dwarf-with-dsym";
				ENABLE_NS_ASSERTIONS = NO;
				ENABLE_STRICT_OBJC_MSGSEND = YES;
				GCC_C_LANGUAGE_STANDARD = gnu11;
				GCC_NO_COMMON_BLOCKS = YES;
				GCC_WARN_64_TO_32_BIT_CONVERSION = YES;
				GCC_WARN_ABOUT_RETURN_TYPE = YES_ERROR;
				GCC_WARN_UNDECLARED_SELECTOR = YES;
				GCC_WARN_UNINITIALIZED_AUTOS = YES_AGGRESSIVE;
				GCC_WARN_UNUSED_FUNCTION = YES;
				GCC_WARN_UNUSED_VARIABLE = YES;
				IPHONEOS_DEPLOYMENT_TARGET = 14.4;
				MTL_ENABLE_DEBUG_INFO = NO;
				MTL_FAST_MATH = YES;
				SDKROOT = iphoneos;
				SWIFT_COMPILATION_MODE = wholemodule;
				SWIFT_OPTIMIZATION_LEVEL = "-O";
				VALIDATE_PRODUCT = YES;
			};
			name = Release;
		};
		5765213A279D2F870043C169 /* Debug */ = {
			isa = XCBuildConfiguration;
			buildSettings = {
				ASSETCATALOG_COMPILER_APPICON_NAME = AppIcon;
				ASSETCATALOG_COMPILER_GLOBAL_ACCENT_COLOR_NAME = AccentColor;
				CODE_SIGN_STYLE = Automatic;
				DEVELOPMENT_TEAM = 452T3FXRUQ;
				INFOPLIST_FILE = TableViewHeaderFooterWithProperty/Info.plist;
				LD_RUNPATH_SEARCH_PATHS = (
					"$(inherited)",
					"@executable_path/Frameworks",
				);
				PRODUCT_BUNDLE_IDENTIFIER = mahesh.TableViewHeaderFooterWithProperty;
				PRODUCT_NAME = "$(TARGET_NAME)";
				SWIFT_VERSION = 5.0;
				TARGETED_DEVICE_FAMILY = "1,2";
			};
			name = Debug;
		};
		5765213B279D2F870043C169 /* Release */ = {
			isa = XCBuildConfiguration;
			buildSettings = {
				ASSETCATALOG_COMPILER_APPICON_NAME = AppIcon;
				ASSETCATALOG_COMPILER_GLOBAL_ACCENT_COLOR_NAME = AccentColor;
				CODE_SIGN_STYLE = Automatic;
				DEVELOPMENT_TEAM = 452T3FXRUQ;
				INFOPLIST_FILE = TableViewHeaderFooterWithProperty/Info.plist;
				LD_RUNPATH_SEARCH_PATHS = (
					"$(inherited)",
					"@executable_path/Frameworks",
				);
				PRODUCT_BUNDLE_IDENTIFIER = mahesh.TableViewHeaderFooterWithProperty;
				PRODUCT_NAME = "$(TARGET_NAME)";
				SWIFT_VERSION = 5.0;
				TARGETED_DEVICE_FAMILY = "1,2";
			};
			name = Release;
		};
		5765213D279D2F870043C169 /* Debug */ = {
			isa = XCBuildConfiguration;
			buildSettings = {
				ALWAYS_EMBED_SWIFT_STANDARD_LIBRARIES = YES;
				BUNDLE_LOADER = "$(TEST_HOST)";
				CODE_SIGN_STYLE = Automatic;
				DEVELOPMENT_TEAM = 452T3FXRUQ;
				INFOPLIST_FILE = TableViewHeaderFooterWithPropertyTests/Info.plist;
				IPHONEOS_DEPLOYMENT_TARGET = 14.4;
				LD_RUNPATH_SEARCH_PATHS = (
					"$(inherited)",
					"@executable_path/Frameworks",
					"@loader_path/Frameworks",
				);
				PRODUCT_BUNDLE_IDENTIFIER = mahesh.TableViewHeaderFooterWithPropertyTests;
				PRODUCT_NAME = "$(TARGET_NAME)";
				SWIFT_VERSION = 5.0;
				TARGETED_DEVICE_FAMILY = "1,2";
				TEST_HOST = "$(BUILT_PRODUCTS_DIR)/TableViewHeaderFooterWithProperty.app/TableViewHeaderFooterWithProperty";
			};
			name = Debug;
		};
		5765213E279D2F870043C169 /* Release */ = {
			isa = XCBuildConfiguration;
			buildSettings = {
				ALWAYS_EMBED_SWIFT_STANDARD_LIBRARIES = YES;
				BUNDLE_LOADER = "$(TEST_HOST)";
				CODE_SIGN_STYLE = Automatic;
				DEVELOPMENT_TEAM = 452T3FXRUQ;
				INFOPLIST_FILE = TableViewHeaderFooterWithPropertyTests/Info.plist;
				IPHONEOS_DEPLOYMENT_TARGET = 14.4;
				LD_RUNPATH_SEARCH_PATHS = (
					"$(inherited)",
					"@executable_path/Frameworks",
					"@loader_path/Frameworks",
				);
				PRODUCT_BUNDLE_IDENTIFIER = mahesh.TableViewHeaderFooterWithPropertyTests;
				PRODUCT_NAME = "$(TARGET_NAME)";
				SWIFT_VERSION = 5.0;
				TARGETED_DEVICE_FAMILY = "1,2";
				TEST_HOST = "$(BUILT_PRODUCTS_DIR)/TableViewHeaderFooterWithProperty.app/TableViewHeaderFooterWithProperty";
			};
			name = Release;
		};
		57652140279D2F870043C169 /* Debug */ = {
			isa = XCBuildConfiguration;
			buildSettings = {
				ALWAYS_EMBED_SWIFT_STANDARD_LIBRARIES = YES;
				CODE_SIGN_STYLE = Automatic;
				DEVELOPMENT_TEAM = 452T3FXRUQ;
				INFOPLIST_FILE = TableViewHeaderFooterWithPropertyUITests/Info.plist;
				LD_RUNPATH_SEARCH_PATHS = (
					"$(inherited)",
					"@executable_path/Frameworks",
					"@loader_path/Frameworks",
				);
				PRODUCT_BUNDLE_IDENTIFIER = mahesh.TableViewHeaderFooterWithPropertyUITests;
				PRODUCT_NAME = "$(TARGET_NAME)";
				SWIFT_VERSION = 5.0;
				TARGETED_DEVICE_FAMILY = "1,2";
				TEST_TARGET_NAME = TableViewHeaderFooterWithProperty;
			};
			name = Debug;
		};
		57652141279D2F870043C169 /* Release */ = {
			isa = XCBuildConfiguration;
			buildSettings = {
				ALWAYS_EMBED_SWIFT_STANDARD_LIBRARIES = YES;
				CODE_SIGN_STYLE = Automatic;
				DEVELOPMENT_TEAM = 452T3FXRUQ;
				INFOPLIST_FILE = TableViewHeaderFooterWithPropertyUITests/Info.plist;
				LD_RUNPATH_SEARCH_PATHS = (
					"$(inherited)",
					"@executable_path/Frameworks",
					"@loader_path/Frameworks",
				);
				PRODUCT_BUNDLE_IDENTIFIER = mahesh.TableViewHeaderFooterWithPropertyUITests;
				PRODUCT_NAME = "$(TARGET_NAME)";
				SWIFT_VERSION = 5.0;
				TARGETED_DEVICE_FAMILY = "1,2";
				TEST_TARGET_NAME = TableViewHeaderFooterWithProperty;
			};
			name = Release;
		};
/* End XCBuildConfiguration section */

/* Begin XCConfigurationList section */
		57652107279D2F860043C169 /* Build configuration list for PBXProject "TableViewHeaderFooterWithProperty" */ = {
			isa = XCConfigurationList;
			buildConfigurations = (
				57652137279D2F870043C169 /* Debug */,
				57652138279D2F870043C169 /* Release */,
			);
			defaultConfigurationIsVisible = 0;
			defaultConfigurationName = Release;
		};
		57652139279D2F870043C169 /* Build configuration list for PBXNativeTarget "TableViewHeaderFooterWithProperty" */ = {
			isa = XCConfigurationList;
			buildConfigurations = (
				5765213A279D2F870043C169 /* Debug */,
				5765213B279D2F870043C169 /* Release */,
			);
			defaultConfigurationIsVisible = 0;
			defaultConfigurationName = Release;
		};
		5765213C279D2F870043C169 /* Build configuration list for PBXNativeTarget "TableViewHeaderFooterWithPropertyTests" */ = {
			isa = XCConfigurationList;
			buildConfigurations = (
				5765213D279D2F870043C169 /* Debug */,
				5765213E279D2F870043C169 /* Release */,
			);
			defaultConfigurationIsVisible = 0;
			defaultConfigurationName = Release;
		};
		5765213F279D2F870043C169 /* Build configuration list for PBXNativeTarget "TableViewHeaderFooterWithPropertyUITests" */ = {
			isa = XCConfigurationList;
			buildConfigurations = (
				57652140279D2F870043C169 /* Debug */,
				57652141279D2F870043C169 /* Release */,
			);
			defaultConfigurationIsVisible = 0;
			defaultConfigurationName = Release;
		};
/* End XCConfigurationList section */

/* Begin XCVersionGroup section */
		57652118279D2F860043C169 /* TableViewHeaderFooterWithProperty.xcdatamodeld */ = {
			isa = XCVersionGroup;
			children = (
				57652119279D2F860043C169 /* TableViewHeaderFooterWithProperty.xcdatamodel */,
			);
			currentVersion = 57652119279D2F860043C169 /* TableViewHeaderFooterWithProperty.xcdatamodel */;
			path = TableViewHeaderFooterWithProperty.xcdatamodeld;
			sourceTree = "<group>";
			versionGroupType = wrapper.xcdatamodel;
		};
/* End XCVersionGroup section */
	};
	rootObject = 57652104279D2F860043C169 /* Project object */;
}
